
Microsoft Visual Studio Solution File, Format Version 12.00
# Visual Studio Version 17
VisualStudioVersion = 17.5.33502.453
MinimumVisualStudioVersion = 10.0.40219.1
Project("{FAE04EC0-301F-11D3-BF4B-00C04F79EFBC}") = "AlanMocek.OgrodyBotaniczne.Mvc", "src\AlanMocek.OgrodyBotaniczne.Mvc\AlanMocek.OgrodyBotaniczne.Mvc.csproj", "{9981DBFD-6F4F-489D-B88C-F8A808E13E72}"
EndProject
Global
	GlobalSection(SolutionConfigurationPlatforms) = preSolution
		Debug|Any CPU = Debug|Any CPU
		Release|Any CPU = Release|Any CPU
	EndGlobalSection
	GlobalSection(ProjectConfigurationPlatforms) = postSolution
		{9981DBFD-6F4F-489D-B88C-F8A808E13E72}.Debug|Any CPU.ActiveCfg = Debug|Any CPU
		{9981DBFD-6F4F-489D-B88C-F8A808E13E72}.Debug|Any CPU.Build.0 = Debug|Any CPU
		{9981DBFD-6F4F-489D-B88C-F8A808E13E72}.Release|Any CPU.ActiveCfg = Release|Any CPU
		{9981DBFD-6F4F-489D-B88C-F8A808E13E72}.Release|Any CPU.Build.0 = Release|Any CPU
	EndGlobalSection
	GlobalSection(SolutionProperties) = preSolution
		HideSolutionNode = FALSE
	EndGlobalSection
	GlobalSection(ExtensibilityGlobals) = postSolution
		SolutionGuid = {982283E8-F230-456C-9537-AA68C6D236F8}
	EndGlobalSection
EndGlobal
